# This file is generated by running "yarn install" inside your project.
# Manual changes might be lost - proceed with caution!

__metadata:
  version: 8
  cacheKey: 10c0

"core-util-is@npm:~1.0.0":
  version: 1.0.3
  resolution: "core-util-is@npm:1.0.3"
  checksum: 10c0/90a0e40abbddfd7618f8ccd63a74d88deea94e77d0e8dbbea059fa7ebebb8fbb4e2909667fe26f3a467073de1a542ebe6ae4c73a73745ac5833786759cd906c9
  languageName: node
  linkType: hard

"imap-tls-issue@workspace:.":
  version: 0.0.0-use.local
  resolution: "imap-tls-issue@workspace:."
  dependencies:
    imap: "npm:^0.8.19"
  languageName: unknown
  linkType: soft

"imap@npm:^0.8.19":
  version: 0.8.19
  resolution: "imap@npm:0.8.19"
  dependencies:
    readable-stream: "npm:1.1.x"
    utf7: "npm:>=1.0.2"
  checksum: 10c0/40c613e2befcf7eb5b5f9c25c8101edf84719c400080e73a215dcb57aae23148b4c507c225fd4643e148b804a100aae7efd1da5b8c459c667c023650f42ef81d
  languageName: node
  linkType: hard

"inherits@npm:~2.0.1":
  version: 2.0.4
  resolution: "inherits@npm:2.0.4"
  checksum: 10c0/4e531f648b29039fb7426fb94075e6545faa1eb9fe83c29f0b6d9e7263aceb4289d2d4557db0d428188eeb449cc7c5e77b0a0b2c4e248ff2a65933a0dee49ef2
  languageName: node
  linkType: hard

"isarray@npm:0.0.1":
  version: 0.0.1
  resolution: "isarray@npm:0.0.1"
  checksum: 10c0/ed1e62da617f71fe348907c71743b5ed550448b455f8d269f89a7c7ddb8ae6e962de3dab6a74a237b06f5eb7f6ece7a45ada8ce96d87fe972926530f91ae3311
  languageName: node
  linkType: hard

"readable-stream@npm:1.1.x":
  version: 1.1.14
  resolution: "readable-stream@npm:1.1.14"
  dependencies:
    core-util-is: "npm:~1.0.0"
    inherits: "npm:~2.0.1"
    isarray: "npm:0.0.1"
    string_decoder: "npm:~0.10.x"
  checksum: 10c0/b7f41b16b305103d598e3c8964fa30d52d6e0b5d9fdad567588964521691c24b279c7a8bb71f11927c3613acf355bac72d8396885a43d50425b2caafd49bc83d
  languageName: node
  linkType: hard

"semver@npm:~5.3.0":
  version: 5.3.0
  resolution: "semver@npm:5.3.0"
  bin:
    semver: ./bin/semver
  checksum: 10c0/3b76cbbab520468a4c6265b9d54f4bea5563debd81327318a4b5151759202f37807df9b5cba87674a35971ac1e11d63ab7c81403259717266dea798d7f2c4a61
  languageName: node
  linkType: hard

"string_decoder@npm:~0.10.x":
  version: 0.10.31
  resolution: "string_decoder@npm:0.10.31"
  checksum: 10c0/1c628d78f974aa7539c496029f48e7019acc32487fc695464f9d6bdfec98edd7d933a06b3216bc2016918f6e75074c611d84430a53cb0e43071597d6c1ac5e25
  languageName: node
  linkType: hard

"utf7@npm:>=1.0.2":
  version: 1.0.2
  resolution: "utf7@npm:1.0.2"
  dependencies:
    semver: "npm:~5.3.0"
  checksum: 10c0/49b8aea0e8bf277152ca923aadc03b43e3ef095e024907aeedc7b099b8c47c0c2d22e01ba13468cbbe81f8d5e6ea22384138e3e2ece709b21301be5adafd908c
  languageName: node
  linkType: hard
